
Microsoft Visual Studio Solution File, Format Version 12.00
# Visual Studio 2012
Project("{8BC9CEB8-8B4A-11D0-8D11-00A0C91BC942}") = "JoFileLib", "FileSRAW.vcxproj", "{28CE2A15-81CC-4BDC-9E7A-C135A2837C9B}"
EndProject
Project("{8BC9CEB8-8B4A-11D0-8D11-00A0C91BC942}") = "Test", "Test\Test.vcxproj", "{06B8A465-6880-45D4-9578-199427EE4C8C}"
	ProjectSection(ProjectDependencies) = postProject
		{28CE2A15-81CC-4BDC-9E7A-C135A2837C9B} = {28CE2A15-81CC-4BDC-9E7A-C135A2837C9B}
	EndProjectSection
EndProject
Global
	GlobalSection(SolutionConfigurationPlatforms) = preSolution
		Debug|Win32 = Debug|Win32
		Release|Win32 = Release|Win32
	EndGlobalSection
	GlobalSection(ProjectConfigurationPlatforms) = postSolution
		{28CE2A15-81CC-4BDC-9E7A-C135A2837C9B}.Debug|Win32.ActiveCfg = Debug|Win32
		{28CE2A15-81CC-4BDC-9E7A-C135A2837C9B}.Debug|Win32.Build.0 = Debug|Win32
		{28CE2A15-81CC-4BDC-9E7A-C135A2837C9B}.Release|Win32.ActiveCfg = Release|Win32
		{28CE2A15-81CC-4BDC-9E7A-C135A2837C9B}.Release|Win32.Build.0 = Release|Win32
		{06B8A465-6880-45D4-9578-199427EE4C8C}.Debug|Win32.ActiveCfg = Debug|Win32
		{06B8A465-6880-45D4-9578-199427EE4C8C}.Debug|Win32.Build.0 = Debug|Win32
		{06B8A465-6880-45D4-9578-199427EE4C8C}.Release|Win32.ActiveCfg = Release|Win32
		{06B8A465-6880-45D4-9578-199427EE4C8C}.Release|Win32.Build.0 = Release|Win32
	EndGlobalSection
	GlobalSection(SolutionProperties) = preSolution
		HideSolutionNode = FALSE
	EndGlobalSection
EndGlobal
